// !$*UTF8*$!
{
	archiveVersion = 1;
	classes = {
	};
	objectVersion = 46;
	objects = {

/* Begin PBXBuildFile section */
		8B54CF9D1B446BB100F8992A /* AEAccordionTableViewCell.swift in Sources */ = {isa = PBXBuildFile; fileRef = 8B54CF9B1B446BB100F8992A /* AEAccordionTableViewCell.swift */; };
		8B54CF9E1B446BB100F8992A /* AEAccordionTableViewController.swift in Sources */ = {isa = PBXBuildFile; fileRef = 8B54CF9C1B446BB100F8992A /* AEAccordionTableViewController.swift */; };
		8B54CFA11B446BC100F8992A /* AEXibceptionView.swift in Sources */ = {isa = PBXBuildFile; fileRef = 8B54CFA01B446BC100F8992A /* AEXibceptionView.swift */; };
		8B55D0AC1B3E331200641110 /* AppDelegate.swift in Sources */ = {isa = PBXBuildFile; fileRef = 8B55D0AB1B3E331200641110 /* AppDelegate.swift */; };
		8B55D0B31B3E331200641110 /* Assets.xcassets in Resources */ = {isa = PBXBuildFile; fileRef = 8B55D0B21B3E331200641110 /* Assets.xcassets */; };
		8B55D0B61B3E331200641110 /* LaunchScreen.storyboard in Resources */ = {isa = PBXBuildFile; fileRef = 8B55D0B41B3E331200641110 /* LaunchScreen.storyboard */; };
		8B55D0C11B3E331200641110 /* AEAccordionTests.swift in Sources */ = {isa = PBXBuildFile; fileRef = 8B55D0C01B3E331200641110 /* AEAccordionTests.swift */; };
		8B55D0CC1B3E331200641110 /* AEAccordionUITests.swift in Sources */ = {isa = PBXBuildFile; fileRef = 8B55D0CB1B3E331200641110 /* AEAccordionUITests.swift */; };
		8B55D0E71B3E33A400641110 /* HeaderView.swift in Sources */ = {isa = PBXBuildFile; fileRef = 8B55D0E01B3E33A400641110 /* HeaderView.swift */; };
		8B55D0E81B3E33A400641110 /* HeaderView.xib in Resources */ = {isa = PBXBuildFile; fileRef = 8B55D0E11B3E33A400641110 /* HeaderView.xib */; };
		8B55D0E91B3E33A400641110 /* DetailView.swift in Sources */ = {isa = PBXBuildFile; fileRef = 8B55D0E21B3E33A400641110 /* DetailView.swift */; };
		8B55D0EA1B3E33A400641110 /* DetailView.xib in Resources */ = {isa = PBXBuildFile; fileRef = 8B55D0E31B3E33A400641110 /* DetailView.xib */; };
		8B55D0EB1B3E33A400641110 /* CustomTableViewCell.swift in Sources */ = {isa = PBXBuildFile; fileRef = 8B55D0E41B3E33A400641110 /* CustomTableViewCell.swift */; };
		8B55D0EC1B3E33A400641110 /* CustomTableViewCell.xib in Resources */ = {isa = PBXBuildFile; fileRef = 8B55D0E51B3E33A400641110 /* CustomTableViewCell.xib */; };
		8B55D0ED1B3E33A400641110 /* SampleTableViewController.swift in Sources */ = {isa = PBXBuildFile; fileRef = 8B55D0E61B3E33A400641110 /* SampleTableViewController.swift */; };
		8B55D0F01B3E33BF00641110 /* Main.storyboard in Resources */ = {isa = PBXBuildFile; fileRef = 8B55D0EF1B3E33BF00641110 /* Main.storyboard */; };
/* End PBXBuildFile section */

/* Begin PBXContainerItemProxy section */
		8B55D0BD1B3E331200641110 /* PBXContainerItemProxy */ = {
			isa = PBXContainerItemProxy;
			containerPortal = 8B55D0A01B3E331200641110 /* Project object */;
			proxyType = 1;
			remoteGlobalIDString = 8B55D0A71B3E331200641110;
			remoteInfo = AEAccordion;
		};
		8B55D0C81B3E331200641110 /* PBXContainerItemProxy */ = {
			isa = PBXContainerItemProxy;
			containerPortal = 8B55D0A01B3E331200641110 /* Project object */;
			proxyType = 1;
			remoteGlobalIDString = 8B55D0A71B3E331200641110;
			remoteInfo = AEAccordion;
		};
/* End PBXContainerItemProxy section */

/* Begin PBXFileReference section */
		8B54CF9B1B446BB100F8992A /* AEAccordionTableViewCell.swift */ = {isa = PBXFileReference; fileEncoding = 4; lastKnownFileType = sourcecode.swift; path = AEAccordionTableViewCell.swift; sourceTree = "<group>"; };
		8B54CF9C1B446BB100F8992A /* AEAccordionTableViewController.swift */ = {isa = PBXFileReference; fileEncoding = 4; lastKnownFileType = sourcecode.swift; path = AEAccordionTableViewController.swift; sourceTree = "<group>"; };
		8B54CFA01B446BC100F8992A /* AEXibceptionView.swift */ = {isa = PBXFileReference; fileEncoding = 4; lastKnownFileType = sourcecode.swift; path = AEXibceptionView.swift; sourceTree = "<group>"; };
		8B55D0A81B3E331200641110 /* AEAccordion.app */ = {isa = PBXFileReference; explicitFileType = wrapper.application; includeInIndex = 0; path = AEAccordion.app; sourceTree = BUILT_PRODUCTS_DIR; };
		8B55D0AB1B3E331200641110 /* AppDelegate.swift */ = {isa = PBXFileReference; lastKnownFileType = sourcecode.swift; path = AppDelegate.swift; sourceTree = "<group>"; };
		8B55D0B21B3E331200641110 /* Assets.xcassets */ = {isa = PBXFileReference; lastKnownFileType = folder.assetcatalog; path = Assets.xcassets; sourceTree = "<group>"; };
		8B55D0B51B3E331200641110 /* Base */ = {isa = PBXFileReference; lastKnownFileType = file.storyboard; name = Base; path = Base.lproj/LaunchScreen.storyboard; sourceTree = "<group>"; };
		8B55D0B71B3E331200641110 /* Info.plist */ = {isa = PBXFileReference; lastKnownFileType = text.plist.xml; path = Info.plist; sourceTree = "<group>"; };
		8B55D0BC1B3E331200641110 /* AEAccordionTests.xctest */ = {isa = PBXFileReference; explicitFileType = wrapper.cfbundle; includeInIndex = 0; path = AEAccordionTests.xctest; sourceTree = BUILT_PRODUCTS_DIR; };
		8B55D0C01B3E331200641110 /* AEAccordionTests.swift */ = {isa = PBXFileReference; lastKnownFileType = sourcecode.swift; path = AEAccordionTests.swift; sourceTree = "<group>"; };
		8B55D0C21B3E331200641110 /* Info.plist */ = {isa = PBXFileReference; lastKnownFileType = text.plist.xml; path = Info.plist; sourceTree = "<group>"; };
		8B55D0C71B3E331200641110 /* AEAccordionUITests.xctest */ = {isa = PBXFileReference; explicitFileType = wrapper.cfbundle; includeInIndex = 0; path = AEAccordionUITests.xctest; sourceTree = BUILT_PRODUCTS_DIR; };
		8B55D0CB1B3E331200641110 /* AEAccordionUITests.swift */ = {isa = PBXFileReference; lastKnownFileType = sourcecode.swift; path = AEAccordionUITests.swift; sourceTree = "<group>"; };
		8B55D0CD1B3E331200641110 /* Info.plist */ = {isa = PBXFileReference; lastKnownFileType = text.plist.xml; path = Info.plist; sourceTree = "<group>"; };
		8B55D0E01B3E33A400641110 /* HeaderView.swift */ = {isa = PBXFileReference; fileEncoding = 4; lastKnownFileType = sourcecode.swift; path = HeaderView.swift; sourceTree = "<group>"; };
		8B55D0E11B3E33A400641110 /* HeaderView.xib */ = {isa = PBXFileReference; fileEncoding = 4; lastKnownFileType = file.xib; path = HeaderView.xib; sourceTree = "<group>"; };
		8B55D0E21B3E33A400641110 /* DetailView.swift */ = {isa = PBXFileReference; fileEncoding = 4; lastKnownFileType = sourcecode.swift; path = DetailView.swift; sourceTree = "<group>"; };
		8B55D0E31B3E33A400641110 /* DetailView.xib */ = {isa = PBXFileReference; fileEncoding = 4; lastKnownFileType = file.xib; path = DetailView.xib; sourceTree = "<group>"; };
		8B55D0E41B3E33A400641110 /* CustomTableViewCell.swift */ = {isa = PBXFileReference; fileEncoding = 4; lastKnownFileType = sourcecode.swift; path = CustomTableViewCell.swift; sourceTree = "<group>"; };
		8B55D0E51B3E33A400641110 /* CustomTableViewCell.xib */ = {isa = PBXFileReference; fileEncoding = 4; lastKnownFileType = file.xib; path = CustomTableViewCell.xib; sourceTree = "<group>"; };
		8B55D0E61B3E33A400641110 /* SampleTableViewController.swift */ = {isa = PBXFileReference; fileEncoding = 4; lastKnownFileType = sourcecode.swift; path = SampleTableViewController.swift; sourceTree = "<group>"; };
		8B55D0EF1B3E33BF00641110 /* Main.storyboard */ = {isa = PBXFileReference; fileEncoding = 4; lastKnownFileType = file.storyboard; path = Main.storyboard; sourceTree = "<group>"; };
		8B55D0F11B3E37C100641110 /* LICENSE */ = {isa = PBXFileReference; lastKnownFileType = text; path = LICENSE; sourceTree = "<group>"; };
		8B55D0F21B3E37C100641110 /* README.md */ = {isa = PBXFileReference; lastKnownFileType = net.daringfireball.markdown; path = README.md; sourceTree = "<group>"; };
		8BF6C12F1B56F6AE00C25979 /* AEAccordion.podspec */ = {isa = PBXFileReference; lastKnownFileType = text; path = AEAccordion.podspec; sourceTree = "<group>"; };
		8BF6C1301B56F6AE00C25979 /* AEXibceptionView.podspec */ = {isa = PBXFileReference; lastKnownFileType = text; path = AEXibceptionView.podspec; sourceTree = "<group>"; };
/* End PBXFileReference section */

/* Begin PBXFrameworksBuildPhase section */
		8B55D0A51B3E331200641110 /* Frameworks */ = {
			isa = PBXFrameworksBuildPhase;
			buildActionMask = 2147483647;
			files = (
			);
			runOnlyForDeploymentPostprocessing = 0;
		};
		8B55D0B91B3E331200641110 /* Frameworks */ = {
			isa = PBXFrameworksBuildPhase;
			buildActionMask = 2147483647;
			files = (
			);
			runOnlyForDeploymentPostprocessing = 0;
		};
		8B55D0C41B3E331200641110 /* Frameworks */ = {
			isa = PBXFrameworksBuildPhase;
			buildActionMask = 2147483647;
			files = (
			);
			runOnlyForDeploymentPostprocessing = 0;
		};
/* End PBXFrameworksBuildPhase section */

/* Begin PBXGroup section */
		8B54CF9A1B446BB100F8992A /* AEAccordion */ = {
			isa = PBXGroup;
			children = (
				8B54CF9B1B446BB100F8992A /* AEAccordionTableViewCell.swift */,
				8B54CF9C1B446BB100F8992A /* AEAccordionTableViewController.swift */,
			);
			path = AEAccordion;
			sourceTree = "<group>";
		};
		8B54CF9F1B446BC100F8992A /* AEXibceptionView */ = {
			isa = PBXGroup;
			children = (
				8B54CFA01B446BC100F8992A /* AEXibceptionView.swift */,
			);
			path = AEXibceptionView;
			sourceTree = "<group>";
		};
		8B55D09F1B3E331200641110 = {
			isa = PBXGroup;
			children = (
				8B54CF9A1B446BB100F8992A /* AEAccordion */,
				8B54CF9F1B446BC100F8992A /* AEXibceptionView */,
				8B55D0AA1B3E331200641110 /* AEAccordionExample */,
				8B55D0BF1B3E331200641110 /* AEAccordionTests */,
				8B55D0CA1B3E331200641110 /* AEAccordionUITests */,
				8B55D0A91B3E331200641110 /* Products */,
				8B55D0F11B3E37C100641110 /* LICENSE */,
				8B55D0F21B3E37C100641110 /* README.md */,
				8BF6C12F1B56F6AE00C25979 /* AEAccordion.podspec */,
				8BF6C1301B56F6AE00C25979 /* AEXibceptionView.podspec */,
			);
			sourceTree = "<group>";
		};
		8B55D0A91B3E331200641110 /* Products */ = {
			isa = PBXGroup;
			children = (
				8B55D0A81B3E331200641110 /* AEAccordion.app */,
				8B55D0BC1B3E331200641110 /* AEAccordionTests.xctest */,
				8B55D0C71B3E331200641110 /* AEAccordionUITests.xctest */,
			);
			name = Products;
			sourceTree = "<group>";
		};
		8B55D0AA1B3E331200641110 /* AEAccordionExample */ = {
			isa = PBXGroup;
			children = (
				8B55D0E01B3E33A400641110 /* HeaderView.swift */,
				8B55D0E11B3E33A400641110 /* HeaderView.xib */,
				8B55D0E21B3E33A400641110 /* DetailView.swift */,
				8B55D0E31B3E33A400641110 /* DetailView.xib */,
				8B55D0E41B3E33A400641110 /* CustomTableViewCell.swift */,
				8B55D0E51B3E33A400641110 /* CustomTableViewCell.xib */,
				8B55D0E61B3E33A400641110 /* SampleTableViewController.swift */,
				8B55D0EF1B3E33BF00641110 /* Main.storyboard */,
				8B55D0B21B3E331200641110 /* Assets.xcassets */,
				8B55D0D91B3E333E00641110 /* Supporting Files */,
			);
			path = AEAccordionExample;
			sourceTree = "<group>";
		};
		8B55D0BF1B3E331200641110 /* AEAccordionTests */ = {
			isa = PBXGroup;
			children = (
				8B55D0C01B3E331200641110 /* AEAccordionTests.swift */,
				8B55D0C21B3E331200641110 /* Info.plist */,
			);
			path = AEAccordionTests;
			sourceTree = "<group>";
		};
		8B55D0CA1B3E331200641110 /* AEAccordionUITests */ = {
			isa = PBXGroup;
			children = (
				8B55D0CB1B3E331200641110 /* AEAccordionUITests.swift */,
				8B55D0CD1B3E331200641110 /* Info.plist */,
			);
			path = AEAccordionUITests;
			sourceTree = "<group>";
		};
		8B55D0D91B3E333E00641110 /* Supporting Files */ = {
			isa = PBXGroup;
			children = (
				8B55D0AB1B3E331200641110 /* AppDelegate.swift */,
				8B55D0B41B3E331200641110 /* LaunchScreen.storyboard */,
				8B55D0B71B3E331200641110 /* Info.plist */,
			);
			name = "Supporting Files";
			sourceTree = "<group>";
		};
/* End PBXGroup section */

/* Begin PBXNativeTarget section */
		8B55D0A71B3E331200641110 /* AEAccordion */ = {
			isa = PBXNativeTarget;
			buildConfigurationList = 8B55D0D01B3E331200641110 /* Build configuration list for PBXNativeTarget "AEAccordion" */;
			buildPhases = (
				8B55D0A41B3E331200641110 /* Sources */,
				8B55D0A51B3E331200641110 /* Frameworks */,
				8B55D0A61B3E331200641110 /* Resources */,
			);
			buildRules = (
			);
			dependencies = (
			);
			name = AEAccordion;
			productName = AEAccordion;
			productReference = 8B55D0A81B3E331200641110 /* AEAccordion.app */;
			productType = "com.apple.product-type.application";
		};
		8B55D0BB1B3E331200641110 /* AEAccordionTests */ = {
			isa = PBXNativeTarget;
			buildConfigurationList = 8B55D0D31B3E331200641110 /* Build configuration list for PBXNativeTarget "AEAccordionTests" */;
			buildPhases = (
				8B55D0B81B3E331200641110 /* Sources */,
				8B55D0B91B3E331200641110 /* Frameworks */,
				8B55D0BA1B3E331200641110 /* Resources */,
			);
			buildRules = (
			);
			dependencies = (
				8B55D0BE1B3E331200641110 /* PBXTargetDependency */,
			);
			name = AEAccordionTests;
			productName = AEAccordionTests;
			productReference = 8B55D0BC1B3E331200641110 /* AEAccordionTests.xctest */;
			productType = "com.apple.product-type.bundle.unit-test";
		};
		8B55D0C61B3E331200641110 /* AEAccordionUITests */ = {
			isa = PBXNativeTarget;
			buildConfigurationList = 8B55D0D61B3E331200641110 /* Build configuration list for PBXNativeTarget "AEAccordionUITests" */;
			buildPhases = (
				8B55D0C31B3E331200641110 /* Sources */,
				8B55D0C41B3E331200641110 /* Frameworks */,
				8B55D0C51B3E331200641110 /* Resources */,
			);
			buildRules = (
			);
			dependencies = (
				8B55D0C91B3E331200641110 /* PBXTargetDependency */,
			);
			name = AEAccordionUITests;
			productName = AEAccordionUITests;
			productReference = 8B55D0C71B3E331200641110 /* AEAccordionUITests.xctest */;
			productType = "com.apple.product-type.bundle.ui-testing";
		};
/* End PBXNativeTarget section */

/* Begin PBXProject section */
		8B55D0A01B3E331200641110 /* Project object */ = {
			isa = PBXProject;
			attributes = {
				LastUpgradeCheck = 0830;
				ORGANIZATIONNAME = AE;
				TargetAttributes = {
					8B55D0A71B3E331200641110 = {
						CreatedOnToolsVersion = 7.0;
					};
					8B55D0BB1B3E331200641110 = {
						CreatedOnToolsVersion = 7.0;
						TestTargetID = 8B55D0A71B3E331200641110;
					};
					8B55D0C61B3E331200641110 = {
						CreatedOnToolsVersion = 7.0;
						TestTargetID = 8B55D0A71B3E331200641110;
					};
				};
			};
			buildConfigurationList = 8B55D0A31B3E331200641110 /* Build configuration list for PBXProject "AEAccordion" */;
			compatibilityVersion = "Xcode 3.2";
			developmentRegion = English;
			hasScannedForEncodings = 0;
			knownRegions = (
				en,
				Base,
			);
			mainGroup = 8B55D09F1B3E331200641110;
			productRefGroup = 8B55D0A91B3E331200641110 /* Products */;
			projectDirPath = "";
			projectRoot = "";
			targets = (
				8B55D0A71B3E331200641110 /* AEAccordion */,
				8B55D0BB1B3E331200641110 /* AEAccordionTests */,
				8B55D0C61B3E331200641110 /* AEAccordionUITests */,
			);
		};
/* End PBXProject section */

/* Begin PBXResourcesBuildPhase section */
		8B55D0A61B3E331200641110 /* Resources */ = {
			isa = PBXResourcesBuildPhase;
			buildActionMask = 2147483647;
			files = (
				8B55D0F01B3E33BF00641110 /* Main.storyboard in Resources */,
				8B55D0B61B3E331200641110 /* LaunchScreen.storyboard in Resources */,
				8B55D0B31B3E331200641110 /* Assets.xcassets in Resources */,
				8B55D0EC1B3E33A400641110 /* CustomTableViewCell.xib in Resources */,
				8B55D0E81B3E33A400641110 /* HeaderView.xib in Resources */,
				8B55D0EA1B3E33A400641110 /* DetailView.xib in Resources */,
			);
			runOnlyForDeploymentPostprocessing = 0;
		};
		8B55D0BA1B3E331200641110 /* Resources */ = {
			isa = PBXResourcesBuildPhase;
			buildActionMask = 2147483647;
			files = (
			);
			runOnlyForDeploymentPostprocessing = 0;
		};
		8B55D0C51B3E331200641110 /* Resources */ = {
			isa = PBXResourcesBuildPhase;
			buildActionMask = 2147483647;
			files = (
			);
			runOnlyForDeploymentPostprocessing = 0;
		};
/* End PBXResourcesBuildPhase section */

/* Begin PBXSourcesBuildPhase section */
		8B55D0A41B3E331200641110 /* Sources */ = {
			isa = PBXSourcesBuildPhase;
			buildActionMask = 2147483647;
			files = (
				8B54CF9D1B446BB100F8992A /* AEAccordionTableViewCell.swift in Sources */,
				8B55D0E71B3E33A400641110 /* HeaderView.swift in Sources */,
				8B55D0E91B3E33A400641110 /* DetailView.swift in Sources */,
				8B55D0ED1B3E33A400641110 /* SampleTableViewController.swift in Sources */,
				8B55D0EB1B3E33A400641110 /* CustomTableViewCell.swift in Sources */,
				8B55D0AC1B3E331200641110 /* AppDelegate.swift in Sources */,
				8B54CF9E1B446BB100F8992A /* AEAccordionTableViewController.swift in Sources */,
				8B54CFA11B446BC100F8992A /* AEXibceptionView.swift in Sources */,
			);
			runOnlyForDeploymentPostprocessing = 0;
		};
		8B55D0B81B3E331200641110 /* Sources */ = {
			isa = PBXSourcesBuildPhase;
			buildActionMask = 2147483647;
			files = (
				8B55D0C11B3E331200641110 /* AEAccordionTests.swift in Sources */,
			);
			runOnlyForDeploymentPostprocessing = 0;
		};
		8B55D0C31B3E331200641110 /* Sources */ = {
			isa = PBXSourcesBuildPhase;
			buildActionMask = 2147483647;
			files = (
				8B55D0CC1B3E331200641110 /* AEAccordionUITests.swift in Sources */,
			);
			runOnlyForDeploymentPostprocessing = 0;
		};
/* End PBXSourcesBuildPhase section */

/* Begin PBXTargetDependency section */
		8B55D0BE1B3E331200641110 /* PBXTargetDependency */ = {
			isa = PBXTargetDependency;
			target = 8B55D0A71B3E331200641110 /* AEAccordion */;
			targetProxy = 8B55D0BD1B3E331200641110 /* PBXContainerItemProxy */;
		};
		8B55D0C91B3E331200641110 /* PBXTargetDependency */ = {
			isa = PBXTargetDependency;
			target = 8B55D0A71B3E331200641110 /* AEAccordion */;
			targetProxy = 8B55D0C81B3E331200641110 /* PBXContainerItemProxy */;
		};
/* End PBXTargetDependency section */

/* Begin PBXVariantGroup section */
		8B55D0B41B3E331200641110 /* LaunchScreen.storyboard */ = {
			isa = PBXVariantGroup;
			children = (
				8B55D0B51B3E331200641110 /* Base */,
			);
			name = LaunchScreen.storyboard;
			sourceTree = "<group>";
		};
/* End PBXVariantGroup section */

/* Begin XCBuildConfiguration section */
		8B55D0CE1B3E331200641110 /* Debug */ = {
			isa = XCBuildConfiguration;
			buildSettings = {
				ALWAYS_SEARCH_USER_PATHS = NO;
				CLANG_CXX_LANGUAGE_STANDARD = "gnu++0x";
				CLANG_CXX_LIBRARY = "libc++";
				CLANG_ENABLE_MODULES = YES;
				CLANG_ENABLE_OBJC_ARC = YES;
				CLANG_WARN_BOOL_CONVERSION = YES;
				CLANG_WARN_CONSTANT_CONVERSION = YES;
				CLANG_WARN_DIRECT_OBJC_ISA_USAGE = YES_ERROR;
				CLANG_WARN_EMPTY_BODY = YES;
				CLANG_WARN_ENUM_CONVERSION = YES;
				CLANG_WARN_INFINITE_RECURSION = YES;
				CLANG_WARN_INT_CONVERSION = YES;
				CLANG_WARN_OBJC_ROOT_CLASS = YES_ERROR;
				CLANG_WARN_SUSPICIOUS_MOVE = YES;
				CLANG_WARN_UNREACHABLE_CODE = YES;
				CLANG_WARN__DUPLICATE_METHOD_MATCH = YES;
				"CODE_SIGN_IDENTITY[sdk=iphoneos*]" = "iPhone Developer";
				COPY_PHASE_STRIP = NO;
				DEBUG_INFORMATION_FORMAT = dwarf;
				ENABLE_STRICT_OBJC_MSGSEND = YES;
				ENABLE_TESTABILITY = YES;
				GCC_C_LANGUAGE_STANDARD = gnu99;
				GCC_DYNAMIC_NO_PIC = NO;
				GCC_NO_COMMON_BLOCKS = YES;
				GCC_OPTIMIZATION_LEVEL = 0;
				GCC_PREPROCESSOR_DEFINITIONS = (
					"DEBUG=1",
					"$(inherited)",
				);
				GCC_WARN_64_TO_32_BIT_CONVERSION = YES;
				GCC_WARN_ABOUT_RETURN_TYPE = YES_ERROR;
				GCC_WARN_UNDECLARED_SELECTOR = YES;
				GCC_WARN_UNINITIALIZED_AUTOS = YES_AGGRESSIVE;
				GCC_WARN_UNUSED_FUNCTION = YES;
				GCC_WARN_UNUSED_VARIABLE = YES;
				IPHONEOS_DEPLOYMENT_TARGET = 9.0;
				MTL_ENABLE_DEBUG_INFO = YES;
				ONLY_ACTIVE_ARCH = YES;
				SDKROOT = iphoneos;
				SWIFT_OPTIMIZATION_LEVEL = "-Onone";
				TARGETED_DEVICE_FAMILY = "1,2";
			};
			name = Debug;
		};
		8B55D0CF1B3E331200641110 /* Release */ = {
			isa = XCBuildConfiguration;
			buildSettings = {
				ALWAYS_SEARCH_USER_PATHS = NO;
				CLANG_CXX_LANGUAGE_STANDARD = "gnu++0x";
				CLANG_CXX_LIBRARY = "libc++";
				CLANG_ENABLE_MODULES = YES;
				CLANG_ENABLE_OBJC_ARC = YES;
				CLANG_WARN_BOOL_CONVERSION = YES;
				CLANG_WARN_CONSTANT_CONVERSION = YES;
				CLANG_WARN_DIRECT_OBJC_ISA_USAGE = YES_ERROR;
				CLANG_WARN_EMPTY_BODY = YES;
				CLANG_WARN_ENUM_CONVERSION = YES;
				CLANG_WARN_INFINITE_RECURSION = YES;
				CLANG_WARN_INT_CONVERSION = YES;
				CLANG_WARN_OBJC_ROOT_CLASS = YES_ERROR;
				CLANG_WARN_SUSPICIOUS_MOVE = YES;
				CLANG_WARN_UNREACHABLE_CODE = YES;
				CLANG_WARN__DUPLICATE_METHOD_MATCH = YES;
				"CODE_SIGN_IDENTITY[sdk=iphoneos*]" = "iPhone Developer";
				COPY_PHASE_STRIP = NO;
				DEBUG_INFORMATION_FORMAT = "dwarf-with-dsym";
				ENABLE_NS_ASSERTIONS = NO;
				ENABLE_STRICT_OBJC_MSGSEND = YES;
				GCC_C_LANGUAGE_STANDARD = gnu99;
				GCC_NO_COMMON_BLOCKS = YES;
				GCC_WARN_64_TO_32_BIT_CONVERSION = YES;
				GCC_WARN_ABOUT_RETURN_TYPE = YES_ERROR;
				GCC_WARN_UNDECLARED_SELECTOR = YES;
				GCC_WARN_UNINITIALIZED_AUTOS = YES_AGGRESSIVE;
				GCC_WARN_UNUSED_FUNCTION = YES;
				GCC_WARN_UNUSED_VARIABLE = YES;
				IPHONEOS_DEPLOYMENT_TARGET = 9.0;
				MTL_ENABLE_DEBUG_INFO = NO;
				SDKROOT = iphoneos;
				SWIFT_OPTIMIZATION_LEVEL = "-Owholemodule";
				TARGETED_DEVICE_FAMILY = "1,2";
				VALIDATE_PRODUCT = YES;
			};
			name = Release;
		};
		8B55D0D11B3E331200641110 /* Debug */ = {
			isa = XCBuildConfiguration;
			buildSettings = {
				ASSETCATALOG_COMPILER_APPICON_NAME = AppIcon;
				INFOPLIST_FILE = AEAccordionExample/Info.plist;
				LD_RUNPATH_SEARCH_PATHS = "$(inherited) @executable_path/Frameworks";
				PRODUCT_BUNDLE_IDENTIFIER = net.tadija.AEAccordion;
				PRODUCT_NAME = "$(TARGET_NAME)";
			};
			name = Debug;
		};
		8B55D0D21B3E331200641110 /* Release */ = {
			isa = XCBuildConfiguration;
			buildSettings = {
				ASSETCATALOG_COMPILER_APPICON_NAME = AppIcon;
				INFOPLIST_FILE = AEAccordionExample/Info.plist;
				LD_RUNPATH_SEARCH_PATHS = "$(inherited) @executable_path/Frameworks";
				PRODUCT_BUNDLE_IDENTIFIER = net.tadija.AEAccordion;
				PRODUCT_NAME = "$(TARGET_NAME)";
			};
			name = Release;
		};
		8B55D0D41B3E331200641110 /* Debug */ = {
			isa = XCBuildConfiguration;
			buildSettings = {
				BUNDLE_LOADER = "$(TEST_HOST)";
				INFOPLIST_FILE = AEAccordionTests/Info.plist;
				LD_RUNPATH_SEARCH_PATHS = "$(inherited) @executable_path/Frameworks @loader_path/Frameworks";
				PRODUCT_BUNDLE_IDENTIFIER = net.tadija.AEAccordionTests;
				PRODUCT_NAME = "$(TARGET_NAME)";
				TEST_HOST = "$(BUILT_PRODUCTS_DIR)/AEAccordion.app/AEAccordion";
			};
			name = Debug;
		};
		8B55D0D51B3E331200641110 /* Release */ = {
			isa = XCBuildConfiguration;
			buildSettings = {
				BUNDLE_LOADER = "$(TEST_HOST)";
				INFOPLIST_FILE = AEAccordionTests/Info.plist;
				LD_RUNPATH_SEARCH_PATHS = "$(inherited) @executable_path/Frameworks @loader_path/Frameworks";
				PRODUCT_BUNDLE_IDENTIFIER = net.tadija.AEAccordionTests;
				PRODUCT_NAME = "$(TARGET_NAME)";
				TEST_HOST = "$(BUILT_PRODUCTS_DIR)/AEAccordion.app/AEAccordion";
			};
			name = Release;
		};
		8B55D0D71B3E331200641110 /* Debug */ = {
			isa = XCBuildConfiguration;
			buildSettings = {
				INFOPLIST_FILE = AEAccordionUITests/Info.plist;
				LD_RUNPATH_SEARCH_PATHS = "$(inherited) @executable_path/Frameworks @loader_path/Frameworks";
				PRODUCT_BUNDLE_IDENTIFIER = net.tadija.AEAccordionUITests;
				PRODUCT_NAME = "$(TARGET_NAME)";
				TEST_TARGET_NAME = AEAccordion;
				USES_XCTRUNNER = YES;
			};
			name = Debug;
		};
		8B55D0D81B3E331200641110 /* Release */ = {
			isa = XCBuildConfiguration;
			buildSettings = {
				INFOPLIST_FILE = AEAccordionUITests/Info.plist;
				LD_RUNPATH_SEARCH_PATHS = "$(inherited) @executable_path/Frameworks @loader_path/Frameworks";
				PRODUCT_BUNDLE_IDENTIFIER = net.tadija.AEAccordionUITests;
				PRODUCT_NAME = "$(TARGET_NAME)";
				TEST_TARGET_NAME = AEAccordion;
				USES_XCTRUNNER = YES;
			};
			name = Release;
		};
/* End XCBuildConfiguration section */

/* Begin XCConfigurationList section */
		8B55D0A31B3E331200641110 /* Build configuration list for PBXProject "AEAccordion" */ = {
			isa = XCConfigurationList;
			buildConfigurations = (
				8B55D0CE1B3E331200641110 /* Debug */,
				8B55D0CF1B3E331200641110 /* Release */,
			);
			defaultConfigurationIsVisible = 0;
			defaultConfigurationName = Release;
		};
		8B55D0D01B3E331200641110 /* Build configuration list for PBXNativeTarget "AEAccordion" */ = {
			isa = XCConfigurationList;
			buildConfigurations = (
				8B55D0D11B3E331200641110 /* Debug */,
				8B55D0D21B3E331200641110 /* Release */,
			);
			defaultConfigurationIsVisible = 0;
			defaultConfigurationName = Release;
		};
		8B55D0D31B3E331200641110 /* Build configuration list for PBXNativeTarget "AEAccordionTests" */ = {
			isa = XCConfigurationList;
			buildConfigurations = (
				8B55D0D41B3E331200641110 /* Debug */,
				8B55D0D51B3E331200641110 /* Release */,
			);
			defaultConfigurationIsVisible = 0;
			defaultConfigurationName = Release;
		};
		8B55D0D61B3E331200641110 /* Build configuration list for PBXNativeTarget "AEAccordionUITests" */ = {
			isa = XCConfigurationList;
			buildConfigurations = (
				8B55D0D71B3E331200641110 /* Debug */,
				8B55D0D81B3E331200641110 /* Release */,
			);
			defaultConfigurationIsVisible = 0;
			defaultConfigurationName = Release;
		};
/* End XCConfigurationList section */
	};
	rootObject = 8B55D0A01B3E331200641110 /* Project object */;
}
